
Microsoft Visual Studio Solution File, Format Version 12.00
# Visual Studio 14
VisualStudioVersion = 14.0.25420.1
MinimumVisualStudioVersion = 10.0.40219.1
Project("{FAE04EC0-301F-11D3-BF4B-00C04F79EFBC}") = "Enemizer", "EnemizerGui\Enemizer.csproj", "{0FAA42FE-8942-4CDA-98DD-8BF0E8BCBD7D}"
EndProject
Project("{FAE04EC0-301F-11D3-BF4B-00C04F79EFBC}") = "EnemizerLibrary", "EnemizerLibrary\EnemizerLibrary.csproj", "{E6D1C409-E9DE-42B9-BD0B-B6F07EAC31B4}"
EndProject
Project("{2150E333-8FDC-42A3-9474-1A3956D46DE8}") = "Misc", "Misc", "{4D330833-32B5-47CE-B135-C56030F588A4}"
	ProjectSection(SolutionItems) = preProject
		.gitattributes = .gitattributes
		.gitignore = .gitignore
		build.bat = build.bat
	EndProjectSection
EndProject
Project("{FAE04EC0-301F-11D3-BF4B-00C04F79EFBC}") = "Assembly", "Assembly\Assembly.csproj", "{D91E0DD6-AF9F-4293-A2E0-D27C508C3883}"
EndProject
Project("{FAE04EC0-301F-11D3-BF4B-00C04F79EFBC}") = "EnemizerTests", "EnemizerTests\EnemizerTests.csproj", "{098A5180-0882-4C59-A557-B1CC0770856C}"
EndProject
Project("{54435603-DBB4-11D2-8724-00A0C9A8B90C}") = "Setup", "Setup\Setup.vdproj", "{92F59EFE-6F82-4266-A6A7-47F5F508EA98}"
EndProject
Project("{FAE04EC0-301F-11D3-BF4B-00C04F79EFBC}") = "Patcher", "Patcher\Patcher.csproj", "{D7B406AD-AE16-4541-BA0B-CFD81304E9EF}"
EndProject
Project("{2150E333-8FDC-42A3-9474-1A3956D46DE8}") = "Solution Items", "Solution Items", "{96B8BA10-5259-4D5E-A134-AEEB9D5E1B4A}"
	ProjectSection(SolutionItems) = preProject
		optionflags.md = optionflags.md
	EndProjectSection
EndProject
Project("{FAE04EC0-301F-11D3-BF4B-00C04F79EFBC}") = "EnemizerCLI", "EnemizerCLI\EnemizerCLI.csproj", "{52B08DAE-8563-47C9-AB59-98907C7E43B0}"
EndProject
Global
	GlobalSection(SolutionConfigurationPlatforms) = preSolution
		Debug|Any CPU = Debug|Any CPU
		Debug|x86 = Debug|x86
		Release|Any CPU = Release|Any CPU
		Release|x86 = Release|x86
	EndGlobalSection
	GlobalSection(ProjectConfigurationPlatforms) = postSolution
		{0FAA42FE-8942-4CDA-98DD-8BF0E8BCBD7D}.Debug|Any CPU.ActiveCfg = Debug|Any CPU
		{0FAA42FE-8942-4CDA-98DD-8BF0E8BCBD7D}.Debug|Any CPU.Build.0 = Debug|Any CPU
		{0FAA42FE-8942-4CDA-98DD-8BF0E8BCBD7D}.Debug|x86.ActiveCfg = Debug|Any CPU
		{0FAA42FE-8942-4CDA-98DD-8BF0E8BCBD7D}.Debug|x86.Build.0 = Debug|Any CPU
		{0FAA42FE-8942-4CDA-98DD-8BF0E8BCBD7D}.Release|Any CPU.ActiveCfg = Release|Any CPU
		{0FAA42FE-8942-4CDA-98DD-8BF0E8BCBD7D}.Release|Any CPU.Build.0 = Release|Any CPU
		{0FAA42FE-8942-4CDA-98DD-8BF0E8BCBD7D}.Release|x86.ActiveCfg = Release|Any CPU
		{0FAA42FE-8942-4CDA-98DD-8BF0E8BCBD7D}.Release|x86.Build.0 = Release|Any CPU
		{E6D1C409-E9DE-42B9-BD0B-B6F07EAC31B4}.Debug|Any CPU.ActiveCfg = Debug|Any CPU
		{E6D1C409-E9DE-42B9-BD0B-B6F07EAC31B4}.Debug|Any CPU.Build.0 = Debug|Any CPU
		{E6D1C409-E9DE-42B9-BD0B-B6F07EAC31B4}.Debug|x86.ActiveCfg = Debug|Any CPU
		{E6D1C409-E9DE-42B9-BD0B-B6F07EAC31B4}.Debug|x86.Build.0 = Debug|Any CPU
		{E6D1C409-E9DE-42B9-BD0B-B6F07EAC31B4}.Release|Any CPU.ActiveCfg = Release|Any CPU
		{E6D1C409-E9DE-42B9-BD0B-B6F07EAC31B4}.Release|Any CPU.Build.0 = Release|Any CPU
		{E6D1C409-E9DE-42B9-BD0B-B6F07EAC31B4}.Release|x86.ActiveCfg = Release|Any CPU
		{E6D1C409-E9DE-42B9-BD0B-B6F07EAC31B4}.Release|x86.Build.0 = Release|Any CPU
		{D91E0DD6-AF9F-4293-A2E0-D27C508C3883}.Debug|Any CPU.ActiveCfg = Debug|Any CPU
		{D91E0DD6-AF9F-4293-A2E0-D27C508C3883}.Debug|Any CPU.Build.0 = Debug|Any CPU
		{D91E0DD6-AF9F-4293-A2E0-D27C508C3883}.Debug|x86.ActiveCfg = Debug|Any CPU
		{D91E0DD6-AF9F-4293-A2E0-D27C508C3883}.Debug|x86.Build.0 = Debug|Any CPU
		{D91E0DD6-AF9F-4293-A2E0-D27C508C3883}.Release|Any CPU.ActiveCfg = Release|Any CPU
		{D91E0DD6-AF9F-4293-A2E0-D27C508C3883}.Release|Any CPU.Build.0 = Release|Any CPU
		{D91E0DD6-AF9F-4293-A2E0-D27C508C3883}.Release|x86.ActiveCfg = Release|Any CPU
		{D91E0DD6-AF9F-4293-A2E0-D27C508C3883}.Release|x86.Build.0 = Release|Any CPU
		{098A5180-0882-4C59-A557-B1CC0770856C}.Debug|Any CPU.ActiveCfg = Debug|Any CPU
		{098A5180-0882-4C59-A557-B1CC0770856C}.Debug|Any CPU.Build.0 = Debug|Any CPU
		{098A5180-0882-4C59-A557-B1CC0770856C}.Debug|x86.ActiveCfg = Debug|Any CPU
		{098A5180-0882-4C59-A557-B1CC0770856C}.Debug|x86.Build.0 = Debug|Any CPU
		{098A5180-0882-4C59-A557-B1CC0770856C}.Release|Any CPU.ActiveCfg = Release|Any CPU
		{098A5180-0882-4C59-A557-B1CC0770856C}.Release|Any CPU.Build.0 = Release|Any CPU
		{098A5180-0882-4C59-A557-B1CC0770856C}.Release|x86.ActiveCfg = Release|Any CPU
		{098A5180-0882-4C59-A557-B1CC0770856C}.Release|x86.Build.0 = Release|Any CPU
		{92F59EFE-6F82-4266-A6A7-47F5F508EA98}.Debug|Any CPU.ActiveCfg = Debug
		{92F59EFE-6F82-4266-A6A7-47F5F508EA98}.Debug|x86.ActiveCfg = Debug
		{92F59EFE-6F82-4266-A6A7-47F5F508EA98}.Debug|x86.Build.0 = Debug
		{92F59EFE-6F82-4266-A6A7-47F5F508EA98}.Release|Any CPU.ActiveCfg = Release
		{92F59EFE-6F82-4266-A6A7-47F5F508EA98}.Release|x86.ActiveCfg = Release
		{92F59EFE-6F82-4266-A6A7-47F5F508EA98}.Release|x86.Build.0 = Release
		{D7B406AD-AE16-4541-BA0B-CFD81304E9EF}.Debug|Any CPU.ActiveCfg = Debug|Any CPU
		{D7B406AD-AE16-4541-BA0B-CFD81304E9EF}.Debug|Any CPU.Build.0 = Debug|Any CPU
		{D7B406AD-AE16-4541-BA0B-CFD81304E9EF}.Debug|x86.ActiveCfg = Debug|Any CPU
		{D7B406AD-AE16-4541-BA0B-CFD81304E9EF}.Debug|x86.Build.0 = Debug|Any CPU
		{D7B406AD-AE16-4541-BA0B-CFD81304E9EF}.Release|Any CPU.ActiveCfg = Release|Any CPU
		{D7B406AD-AE16-4541-BA0B-CFD81304E9EF}.Release|Any CPU.Build.0 = Release|Any CPU
		{D7B406AD-AE16-4541-BA0B-CFD81304E9EF}.Release|x86.ActiveCfg = Release|Any CPU
		{D7B406AD-AE16-4541-BA0B-CFD81304E9EF}.Release|x86.Build.0 = Release|Any CPU
		{52B08DAE-8563-47C9-AB59-98907C7E43B0}.Debug|Any CPU.ActiveCfg = Debug|Any CPU
		{52B08DAE-8563-47C9-AB59-98907C7E43B0}.Debug|Any CPU.Build.0 = Debug|Any CPU
		{52B08DAE-8563-47C9-AB59-98907C7E43B0}.Debug|x86.ActiveCfg = Debug|Any CPU
		{52B08DAE-8563-47C9-AB59-98907C7E43B0}.Debug|x86.Build.0 = Debug|Any CPU
		{52B08DAE-8563-47C9-AB59-98907C7E43B0}.Release|Any CPU.ActiveCfg = Release|Any CPU
		{52B08DAE-8563-47C9-AB59-98907C7E43B0}.Release|Any CPU.Build.0 = Release|Any CPU
		{52B08DAE-8563-47C9-AB59-98907C7E43B0}.Release|x86.ActiveCfg = Release|Any CPU
		{52B08DAE-8563-47C9-AB59-98907C7E43B0}.Release|x86.Build.0 = Release|Any CPU
	EndGlobalSection
	GlobalSection(SolutionProperties) = preSolution
		HideSolutionNode = FALSE
	EndGlobalSection
EndGlobal
